
Microsoft Visual Studio Solution File, Format Version 12.00
# Visual Studio Version 17
VisualStudioVersion = 17.8.34511.84
MinimumVisualStudioVersion = 10.0.40219.1
Project("{FAE04EC0-301F-11D3-BF4B-00C04F79EFBC}") = "MynahBaseModBase", "MynahBaseModBase\MynahBaseModBase.csproj", "{CA337CA5-83F1-447D-A72B-2588AD21045F}"
EndProject
Project("{9A19103F-16F7-4668-BE54-9A1E7A4F7556}") = "MynahBaseModBackend", "MynahBaseModBackend\MynahBaseModBackend.csproj", "{AF185C93-3308-4775-9F19-B848C38DD48C}"
EndProject
Project("{9A19103F-16F7-4668-BE54-9A1E7A4F7556}") = "MynahModConfigGenerator", "MynahModConfigGenerator\MynahModConfigGenerator.csproj", "{0B322566-EF6A-46DB-BB1D-C5B6FC73BCEB}"
EndProject
Project("{2150E333-8FDC-42A3-9474-1A3956D46DE8}") = "Base", "Base", "{8B2F0904-D9F7-4489-B009-71702D051EE5}"
EndProject
Project("{FAE04EC0-301F-11D3-BF4B-00C04F79EFBC}") = "MynahBaseModFrontend", "MynahBaseModFrontend\MynahBaseModFrontend.csproj", "{B424CA89-6662-459F-9471-E97A748C1948}"
EndProject
Project("{FAE04EC0-301F-11D3-BF4B-00C04F79EFBC}") = "DemoModFrontend", "DemoModFrontend\DemoModFrontend.csproj", "{2060C303-942F-4D7E-BD5A-95245F17E3E8}"
EndProject
Project("{2150E333-8FDC-42A3-9474-1A3956D46DE8}") = "DemoMod", "DemoMod", "{8C21E163-B9A4-45FE-997D-49AFC988D38D}"
EndProject
Project("{FAE04EC0-301F-11D3-BF4B-00C04F79EFBC}") = "MynahMoreInfo", "MynahMoreInfo\MynahMoreInfo.csproj", "{FB82B614-E196-492C-BAF2-85C4C5AAB571}"
EndProject
Project("{FAE04EC0-301F-11D3-BF4B-00C04F79EFBC}") = "ItemSubtypeFilter", "ItemSubtypeFilter\ItemSubtypeFilter.csproj", "{51FBDE19-8C0F-4F3B-9F18-A3538FA6F757}"
EndProject
Project("{9A19103F-16F7-4668-BE54-9A1E7A4F7556}") = "VillagerIdentities", "VillagerIdentities\VillagerIdentities.csproj", "{AAC3698E-7AE3-4D51-B6CF-0CDF87EFE417}"
EndProject
Project("{2150E333-8FDC-42A3-9474-1A3956D46DE8}") = "VillagerIdentity", "VillagerIdentity", "{37276111-25B5-4B18-8A40-275755EEE44C}"
EndProject
Project("{FAE04EC0-301F-11D3-BF4B-00C04F79EFBC}") = "VillagerIdentityFrontend", "VillagerIdentityFrontend\VillagerIdentityFrontend.csproj", "{335E1C93-97F9-419A-9E5D-5059505D3895}"
EndProject
Project("{2150E333-8FDC-42A3-9474-1A3956D46DE8}") = "MakeItemPreview", "MakeItemPreview", "{6336E721-30C5-46FF-87CF-4E110ADE5FE2}"
EndProject
Project("{9A19103F-16F7-4668-BE54-9A1E7A4F7556}") = "MakeItemPreviewBackend", "MakeItemPreviewBackend\MakeItemPreviewBackend.csproj", "{88756E0B-4173-4348-9CE9-5EA3E5E80CFD}"
EndProject
Project("{FAE04EC0-301F-11D3-BF4B-00C04F79EFBC}") = "MakeItemPreviewFrontend", "MakeItemPreviewFrontend\MakeItemPreviewFrontend.csproj", "{7BC099AF-E8EB-4D24-BD13-C010C918BB15}"
EndProject
Project("{9A19103F-16F7-4668-BE54-9A1E7A4F7556}") = "MynahMoreInfoBackend", "MynahMoreInfoBackend\MynahMoreInfoBackend.csproj", "{E8C68982-0F6E-4AD1-AB03-1853EF7E6E71}"
EndProject
Project("{2150E333-8FDC-42A3-9474-1A3956D46DE8}") = "MoreInfo", "MoreInfo", "{41314DA0-96A4-4206-AEDA-4C3D5DB2486D}"
EndProject
Project("{9A19103F-16F7-4668-BE54-9A1E7A4F7556}") = "TaiwuSavingFolderBackend", "TaiwuSavingFolderBackend\TaiwuSavingFolderBackend.csproj", "{4E936F5D-15C1-4777-A457-D8CE531C2B2F}"
EndProject
Project("{9A19103F-16F7-4668-BE54-9A1E7A4F7556}") = "TaiwuEventDumper", "TaiwuEventDumper\TaiwuEventDumper.csproj", "{55DE7D16-E0CD-4C50-B97B-4A8EF94039E6}"
EndProject
Project("{FAE04EC0-301F-11D3-BF4B-00C04F79EFBC}") = "EventConfigDumpMod", "EventConfigDumpMod\EventConfigDumpMod.csproj", "{24A03902-7085-4334-90F8-944F13BFD251}"
EndProject
Project("{9A19103F-16F7-4668-BE54-9A1E7A4F7556}") = "EventDslFramework", "EventDslFramework\EventDslFramework.csproj", "{8AC85B76-B320-48DB-A127-71C2478D257C}"
EndProject
Project("{9A19103F-16F7-4668-BE54-9A1E7A4F7556}") = "EventDslDemoMod", "EventDslDemoMod\EventDslDemoMod.csproj", "{3AF3CC82-D4E5-4071-AF5E-EEA707624EB1}"
EndProject
Project("{FAE04EC0-301F-11D3-BF4B-00C04F79EFBC}") = "CSharpDiff", "CSharpDiff\CSharpDiff.csproj", "{4394F66B-F706-4EB8-9DCC-E03C789EA0E3}"
EndProject
Project("{9A19103F-16F7-4668-BE54-9A1E7A4F7556}") = "CommonTest", "CommonTest\CommonTest.csproj", "{5C0F15E3-9CBB-42CB-AC85-4E4A06CCB579}"
EndProject
Project("{9A19103F-16F7-4668-BE54-9A1E7A4F7556}") = "SqliteFrameworkBackend", "SqliteFrameworkBackend\SqliteFrameworkBackend.csproj", "{7967C2E5-8ED0-4D03-9D61-E17F84EEB0E1}"
EndProject
Project("{9A19103F-16F7-4668-BE54-9A1E7A4F7556}") = "ThousandWorldBackend", "ThousandWorldBackend\ThousandWorldBackend.csproj", "{539633A6-4157-47B3-A180-BB0896913C5B}"
EndProject
Project("{2150E333-8FDC-42A3-9474-1A3956D46DE8}") = "SqliteFramework", "SqliteFramework", "{20BCF989-1917-41F0-8E15-8A0618DC9F6C}"
EndProject
Project("{FAE04EC0-301F-11D3-BF4B-00C04F79EFBC}") = "SqliteFrameworkFrontend", "SqliteFrameworkFrontend\SqliteFrameworkFrontend.csproj", "{4A25A0AF-F036-401F-9286-6513CE82BF01}"
EndProject
Project("{FAE04EC0-301F-11D3-BF4B-00C04F79EFBC}") = "SqliteFrameworkBase", "SqliteFrameworkBase\SqliteFrameworkBase.csproj", "{DFF45336-119A-41E5-9240-7C39D7D82CB4}"
EndProject
Project("{2150E333-8FDC-42A3-9474-1A3956D46DE8}") = "ItemAdvanceFilter", "ItemAdvanceFilter", "{DE4E3963-BA2B-4598-9F91-FD11165F313A}"
EndProject
Project("{FAE04EC0-301F-11D3-BF4B-00C04F79EFBC}") = "ItemAdvanceFilterBackend", "ItemAdvanceFilterBackend\ItemAdvanceFilterBackend.csproj", "{B3AA1343-90DF-4C52-8114-3D7E955891DC}"
EndProject
Project("{9A19103F-16F7-4668-BE54-9A1E7A4F7556}") = "MynahModConfigGenerator.MSBuild", "MynahModConfigGenerator.MSBuild\MynahModConfigGenerator.MSBuild.csproj", "{1E381E8C-47FD-4830-AA93-639EF7814169}"
EndProject
Global
	GlobalSection(SolutionConfigurationPlatforms) = preSolution
		Debug|Any CPU = Debug|Any CPU
		Release|Any CPU = Release|Any CPU
	EndGlobalSection
	GlobalSection(ProjectConfigurationPlatforms) = postSolution
		{CA337CA5-83F1-447D-A72B-2588AD21045F}.Debug|Any CPU.ActiveCfg = Debug|Any CPU
		{CA337CA5-83F1-447D-A72B-2588AD21045F}.Debug|Any CPU.Build.0 = Debug|Any CPU
		{CA337CA5-83F1-447D-A72B-2588AD21045F}.Release|Any CPU.ActiveCfg = Release|Any CPU
		{CA337CA5-83F1-447D-A72B-2588AD21045F}.Release|Any CPU.Build.0 = Release|Any CPU
		{AF185C93-3308-4775-9F19-B848C38DD48C}.Debug|Any CPU.ActiveCfg = Debug|Any CPU
		{AF185C93-3308-4775-9F19-B848C38DD48C}.Debug|Any CPU.Build.0 = Debug|Any CPU
		{AF185C93-3308-4775-9F19-B848C38DD48C}.Release|Any CPU.ActiveCfg = Release|Any CPU
		{AF185C93-3308-4775-9F19-B848C38DD48C}.Release|Any CPU.Build.0 = Release|Any CPU
		{0B322566-EF6A-46DB-BB1D-C5B6FC73BCEB}.Debug|Any CPU.ActiveCfg = Debug|Any CPU
		{0B322566-EF6A-46DB-BB1D-C5B6FC73BCEB}.Debug|Any CPU.Build.0 = Debug|Any CPU
		{0B322566-EF6A-46DB-BB1D-C5B6FC73BCEB}.Release|Any CPU.ActiveCfg = Release|Any CPU
		{0B322566-EF6A-46DB-BB1D-C5B6FC73BCEB}.Release|Any CPU.Build.0 = Release|Any CPU
		{B424CA89-6662-459F-9471-E97A748C1948}.Debug|Any CPU.ActiveCfg = Debug|Any CPU
		{B424CA89-6662-459F-9471-E97A748C1948}.Debug|Any CPU.Build.0 = Debug|Any CPU
		{B424CA89-6662-459F-9471-E97A748C1948}.Release|Any CPU.ActiveCfg = Release|Any CPU
		{B424CA89-6662-459F-9471-E97A748C1948}.Release|Any CPU.Build.0 = Release|Any CPU
		{2060C303-942F-4D7E-BD5A-95245F17E3E8}.Debug|Any CPU.ActiveCfg = Debug|Any CPU
		{2060C303-942F-4D7E-BD5A-95245F17E3E8}.Debug|Any CPU.Build.0 = Debug|Any CPU
		{2060C303-942F-4D7E-BD5A-95245F17E3E8}.Release|Any CPU.ActiveCfg = Release|Any CPU
		{2060C303-942F-4D7E-BD5A-95245F17E3E8}.Release|Any CPU.Build.0 = Release|Any CPU
		{FB82B614-E196-492C-BAF2-85C4C5AAB571}.Debug|Any CPU.ActiveCfg = Debug|Any CPU
		{FB82B614-E196-492C-BAF2-85C4C5AAB571}.Debug|Any CPU.Build.0 = Debug|Any CPU
		{FB82B614-E196-492C-BAF2-85C4C5AAB571}.Release|Any CPU.ActiveCfg = Release|Any CPU
		{FB82B614-E196-492C-BAF2-85C4C5AAB571}.Release|Any CPU.Build.0 = Release|Any CPU
		{51FBDE19-8C0F-4F3B-9F18-A3538FA6F757}.Debug|Any CPU.ActiveCfg = Debug|Any CPU
		{51FBDE19-8C0F-4F3B-9F18-A3538FA6F757}.Debug|Any CPU.Build.0 = Debug|Any CPU
		{51FBDE19-8C0F-4F3B-9F18-A3538FA6F757}.Release|Any CPU.ActiveCfg = Release|Any CPU
		{51FBDE19-8C0F-4F3B-9F18-A3538FA6F757}.Release|Any CPU.Build.0 = Release|Any CPU
		{AAC3698E-7AE3-4D51-B6CF-0CDF87EFE417}.Debug|Any CPU.ActiveCfg = Debug|Any CPU
		{AAC3698E-7AE3-4D51-B6CF-0CDF87EFE417}.Debug|Any CPU.Build.0 = Debug|Any CPU
		{AAC3698E-7AE3-4D51-B6CF-0CDF87EFE417}.Release|Any CPU.ActiveCfg = Release|Any CPU
		{AAC3698E-7AE3-4D51-B6CF-0CDF87EFE417}.Release|Any CPU.Build.0 = Release|Any CPU
		{335E1C93-97F9-419A-9E5D-5059505D3895}.Debug|Any CPU.ActiveCfg = Debug|Any CPU
		{335E1C93-97F9-419A-9E5D-5059505D3895}.Debug|Any CPU.Build.0 = Debug|Any CPU
		{335E1C93-97F9-419A-9E5D-5059505D3895}.Release|Any CPU.ActiveCfg = Release|Any CPU
		{335E1C93-97F9-419A-9E5D-5059505D3895}.Release|Any CPU.Build.0 = Release|Any CPU
		{88756E0B-4173-4348-9CE9-5EA3E5E80CFD}.Debug|Any CPU.ActiveCfg = Debug|Any CPU
		{88756E0B-4173-4348-9CE9-5EA3E5E80CFD}.Debug|Any CPU.Build.0 = Debug|Any CPU
		{88756E0B-4173-4348-9CE9-5EA3E5E80CFD}.Release|Any CPU.ActiveCfg = Release|Any CPU
		{88756E0B-4173-4348-9CE9-5EA3E5E80CFD}.Release|Any CPU.Build.0 = Release|Any CPU
		{7BC099AF-E8EB-4D24-BD13-C010C918BB15}.Debug|Any CPU.ActiveCfg = Debug|Any CPU
		{7BC099AF-E8EB-4D24-BD13-C010C918BB15}.Debug|Any CPU.Build.0 = Debug|Any CPU
		{7BC099AF-E8EB-4D24-BD13-C010C918BB15}.Release|Any CPU.ActiveCfg = Release|Any CPU
		{7BC099AF-E8EB-4D24-BD13-C010C918BB15}.Release|Any CPU.Build.0 = Release|Any CPU
		{E8C68982-0F6E-4AD1-AB03-1853EF7E6E71}.Debug|Any CPU.ActiveCfg = Debug|Any CPU
		{E8C68982-0F6E-4AD1-AB03-1853EF7E6E71}.Debug|Any CPU.Build.0 = Debug|Any CPU
		{E8C68982-0F6E-4AD1-AB03-1853EF7E6E71}.Release|Any CPU.ActiveCfg = Release|Any CPU
		{E8C68982-0F6E-4AD1-AB03-1853EF7E6E71}.Release|Any CPU.Build.0 = Release|Any CPU
		{4E936F5D-15C1-4777-A457-D8CE531C2B2F}.Debug|Any CPU.ActiveCfg = Debug|Any CPU
		{4E936F5D-15C1-4777-A457-D8CE531C2B2F}.Debug|Any CPU.Build.0 = Debug|Any CPU
		{4E936F5D-15C1-4777-A457-D8CE531C2B2F}.Release|Any CPU.ActiveCfg = Release|Any CPU
		{4E936F5D-15C1-4777-A457-D8CE531C2B2F}.Release|Any CPU.Build.0 = Release|Any CPU
		{55DE7D16-E0CD-4C50-B97B-4A8EF94039E6}.Debug|Any CPU.ActiveCfg = Debug|Any CPU
		{55DE7D16-E0CD-4C50-B97B-4A8EF94039E6}.Debug|Any CPU.Build.0 = Debug|Any CPU
		{55DE7D16-E0CD-4C50-B97B-4A8EF94039E6}.Release|Any CPU.ActiveCfg = Release|Any CPU
		{55DE7D16-E0CD-4C50-B97B-4A8EF94039E6}.Release|Any CPU.Build.0 = Release|Any CPU
		{24A03902-7085-4334-90F8-944F13BFD251}.Debug|Any CPU.ActiveCfg = Debug|Any CPU
		{24A03902-7085-4334-90F8-944F13BFD251}.Debug|Any CPU.Build.0 = Debug|Any CPU
		{24A03902-7085-4334-90F8-944F13BFD251}.Release|Any CPU.ActiveCfg = Release|Any CPU
		{24A03902-7085-4334-90F8-944F13BFD251}.Release|Any CPU.Build.0 = Release|Any CPU
		{8AC85B76-B320-48DB-A127-71C2478D257C}.Debug|Any CPU.ActiveCfg = Debug|Any CPU
		{8AC85B76-B320-48DB-A127-71C2478D257C}.Debug|Any CPU.Build.0 = Debug|Any CPU
		{8AC85B76-B320-48DB-A127-71C2478D257C}.Release|Any CPU.ActiveCfg = Release|Any CPU
		{8AC85B76-B320-48DB-A127-71C2478D257C}.Release|Any CPU.Build.0 = Release|Any CPU
		{3AF3CC82-D4E5-4071-AF5E-EEA707624EB1}.Debug|Any CPU.ActiveCfg = Debug|Any CPU
		{3AF3CC82-D4E5-4071-AF5E-EEA707624EB1}.Debug|Any CPU.Build.0 = Debug|Any CPU
		{3AF3CC82-D4E5-4071-AF5E-EEA707624EB1}.Release|Any CPU.ActiveCfg = Release|Any CPU
		{3AF3CC82-D4E5-4071-AF5E-EEA707624EB1}.Release|Any CPU.Build.0 = Release|Any CPU
		{4394F66B-F706-4EB8-9DCC-E03C789EA0E3}.Debug|Any CPU.ActiveCfg = Debug|Any CPU
		{4394F66B-F706-4EB8-9DCC-E03C789EA0E3}.Debug|Any CPU.Build.0 = Debug|Any CPU
		{4394F66B-F706-4EB8-9DCC-E03C789EA0E3}.Release|Any CPU.ActiveCfg = Release|Any CPU
		{4394F66B-F706-4EB8-9DCC-E03C789EA0E3}.Release|Any CPU.Build.0 = Release|Any CPU
		{5C0F15E3-9CBB-42CB-AC85-4E4A06CCB579}.Debug|Any CPU.ActiveCfg = Debug|Any CPU
		{5C0F15E3-9CBB-42CB-AC85-4E4A06CCB579}.Debug|Any CPU.Build.0 = Debug|Any CPU
		{5C0F15E3-9CBB-42CB-AC85-4E4A06CCB579}.Release|Any CPU.ActiveCfg = Release|Any CPU
		{5C0F15E3-9CBB-42CB-AC85-4E4A06CCB579}.Release|Any CPU.Build.0 = Release|Any CPU
		{7967C2E5-8ED0-4D03-9D61-E17F84EEB0E1}.Debug|Any CPU.ActiveCfg = Debug|Any CPU
		{7967C2E5-8ED0-4D03-9D61-E17F84EEB0E1}.Debug|Any CPU.Build.0 = Debug|Any CPU
		{7967C2E5-8ED0-4D03-9D61-E17F84EEB0E1}.Release|Any CPU.ActiveCfg = Release|Any CPU
		{7967C2E5-8ED0-4D03-9D61-E17F84EEB0E1}.Release|Any CPU.Build.0 = Release|Any CPU
		{539633A6-4157-47B3-A180-BB0896913C5B}.Debug|Any CPU.ActiveCfg = Debug|Any CPU
		{539633A6-4157-47B3-A180-BB0896913C5B}.Debug|Any CPU.Build.0 = Debug|Any CPU
		{539633A6-4157-47B3-A180-BB0896913C5B}.Release|Any CPU.ActiveCfg = Release|Any CPU
		{539633A6-4157-47B3-A180-BB0896913C5B}.Release|Any CPU.Build.0 = Release|Any CPU
		{4A25A0AF-F036-401F-9286-6513CE82BF01}.Debug|Any CPU.ActiveCfg = Debug|Any CPU
		{4A25A0AF-F036-401F-9286-6513CE82BF01}.Debug|Any CPU.Build.0 = Debug|Any CPU
		{4A25A0AF-F036-401F-9286-6513CE82BF01}.Release|Any CPU.ActiveCfg = Release|Any CPU
		{4A25A0AF-F036-401F-9286-6513CE82BF01}.Release|Any CPU.Build.0 = Release|Any CPU
		{DFF45336-119A-41E5-9240-7C39D7D82CB4}.Debug|Any CPU.ActiveCfg = Debug|Any CPU
		{DFF45336-119A-41E5-9240-7C39D7D82CB4}.Debug|Any CPU.Build.0 = Debug|Any CPU
		{DFF45336-119A-41E5-9240-7C39D7D82CB4}.Release|Any CPU.ActiveCfg = Release|Any CPU
		{DFF45336-119A-41E5-9240-7C39D7D82CB4}.Release|Any CPU.Build.0 = Release|Any CPU
		{B3AA1343-90DF-4C52-8114-3D7E955891DC}.Debug|Any CPU.ActiveCfg = Debug|Any CPU
		{B3AA1343-90DF-4C52-8114-3D7E955891DC}.Debug|Any CPU.Build.0 = Debug|Any CPU
		{B3AA1343-90DF-4C52-8114-3D7E955891DC}.Release|Any CPU.ActiveCfg = Release|Any CPU
		{B3AA1343-90DF-4C52-8114-3D7E955891DC}.Release|Any CPU.Build.0 = Release|Any CPU
		{1E381E8C-47FD-4830-AA93-639EF7814169}.Debug|Any CPU.ActiveCfg = Debug|Any CPU
		{1E381E8C-47FD-4830-AA93-639EF7814169}.Debug|Any CPU.Build.0 = Debug|Any CPU
		{1E381E8C-47FD-4830-AA93-639EF7814169}.Release|Any CPU.ActiveCfg = Release|Any CPU
		{1E381E8C-47FD-4830-AA93-639EF7814169}.Release|Any CPU.Build.0 = Release|Any CPU
	EndGlobalSection
	GlobalSection(SolutionProperties) = preSolution
		HideSolutionNode = FALSE
	EndGlobalSection
	GlobalSection(NestedProjects) = preSolution
		{CA337CA5-83F1-447D-A72B-2588AD21045F} = {8B2F0904-D9F7-4489-B009-71702D051EE5}
		{AF185C93-3308-4775-9F19-B848C38DD48C} = {8B2F0904-D9F7-4489-B009-71702D051EE5}
		{0B322566-EF6A-46DB-BB1D-C5B6FC73BCEB} = {8B2F0904-D9F7-4489-B009-71702D051EE5}
		{B424CA89-6662-459F-9471-E97A748C1948} = {8B2F0904-D9F7-4489-B009-71702D051EE5}
		{2060C303-942F-4D7E-BD5A-95245F17E3E8} = {8C21E163-B9A4-45FE-997D-49AFC988D38D}
		{FB82B614-E196-492C-BAF2-85C4C5AAB571} = {41314DA0-96A4-4206-AEDA-4C3D5DB2486D}
		{51FBDE19-8C0F-4F3B-9F18-A3538FA6F757} = {DE4E3963-BA2B-4598-9F91-FD11165F313A}
		{AAC3698E-7AE3-4D51-B6CF-0CDF87EFE417} = {37276111-25B5-4B18-8A40-275755EEE44C}
		{335E1C93-97F9-419A-9E5D-5059505D3895} = {37276111-25B5-4B18-8A40-275755EEE44C}
		{88756E0B-4173-4348-9CE9-5EA3E5E80CFD} = {6336E721-30C5-46FF-87CF-4E110ADE5FE2}
		{7BC099AF-E8EB-4D24-BD13-C010C918BB15} = {6336E721-30C5-46FF-87CF-4E110ADE5FE2}
		{E8C68982-0F6E-4AD1-AB03-1853EF7E6E71} = {41314DA0-96A4-4206-AEDA-4C3D5DB2486D}
		{24A03902-7085-4334-90F8-944F13BFD251} = {8B2F0904-D9F7-4489-B009-71702D051EE5}
		{3AF3CC82-D4E5-4071-AF5E-EEA707624EB1} = {8C21E163-B9A4-45FE-997D-49AFC988D38D}
		{5C0F15E3-9CBB-42CB-AC85-4E4A06CCB579} = {8C21E163-B9A4-45FE-997D-49AFC988D38D}
		{7967C2E5-8ED0-4D03-9D61-E17F84EEB0E1} = {20BCF989-1917-41F0-8E15-8A0618DC9F6C}
		{4A25A0AF-F036-401F-9286-6513CE82BF01} = {20BCF989-1917-41F0-8E15-8A0618DC9F6C}
		{DFF45336-119A-41E5-9240-7C39D7D82CB4} = {20BCF989-1917-41F0-8E15-8A0618DC9F6C}
		{B3AA1343-90DF-4C52-8114-3D7E955891DC} = {DE4E3963-BA2B-4598-9F91-FD11165F313A}
		{1E381E8C-47FD-4830-AA93-639EF7814169} = {8B2F0904-D9F7-4489-B009-71702D051EE5}
	EndGlobalSection
	GlobalSection(ExtensibilityGlobals) = postSolution
		SolutionGuid = {87BC43DD-0F33-4FA5-931B-D0D794F1EF21}
	EndGlobalSection
EndGlobal
